
Microsoft Visual Studio Solution File, Format Version 12.00
# Visual Studio Version 17
VisualStudioVersion = 17.3.32929.385
MinimumVisualStudioVersion = 10.0.40219.1
Project("{FAE04EC0-301F-11D3-BF4B-00C04F79EFBC}") = "prime or composite", "prime or composite\prime or composite.csproj", "{62BAD329-FB0C-4621-8877-E9045767187E}"
EndProject
Global
	GlobalSection(SolutionConfigurationPlatforms) = preSolution
		Debug|Any CPU = Debug|Any CPU
		Release|Any CPU = Release|Any CPU
	EndGlobalSection
	GlobalSection(ProjectConfigurationPlatforms) = postSolution
		{62BAD329-FB0C-4621-8877-E9045767187E}.Debug|Any CPU.ActiveCfg = Debug|Any CPU
		{62BAD329-FB0C-4621-8877-E9045767187E}.Debug|Any CPU.Build.0 = Debug|Any CPU
		{62BAD329-FB0C-4621-8877-E9045767187E}.Release|Any CPU.ActiveCfg = Release|Any CPU
		{62BAD329-FB0C-4621-8877-E9045767187E}.Release|Any CPU.Build.0 = Release|Any CPU
	EndGlobalSection
	GlobalSection(SolutionProperties) = preSolution
		HideSolutionNode = FALSE
	EndGlobalSection
	GlobalSection(ExtensibilityGlobals) = postSolution
		SolutionGuid = {BF09BB45-ECD3-48F0-ABC5-0559D698DCFA}
	EndGlobalSection
EndGlobal
